<?xml version="1.0" encoding="utf-8"?>
<Project ToolsVersion="4.0" xmlns="http://schemas.microsoft.com/developer/msbuild/2003">
  <ItemGroup>
    <ClCompile Include="main.cpp" />
    <ClCompile Include="..\src\App\App.cpp">
      <Filter>App</Filter>
    </ClCompile>
    <ClCompile Include="..\include\imgui\imgui.cpp">
      <Filter>ImGUI</Filter>
    </ClCompile>
    <ClCompile Include="..\include\imgui\imgui_demo.cpp">
      <Filter>ImGUI</Filter>
    </ClCompile>
    <ClCompile Include="..\include\imgui\imgui_draw.cpp">
      <Filter>ImGUI</Filter>
    </ClCompile>
    <ClCompile Include="..\include\imgui\imgui_tables.cpp">
      <Filter>ImGUI</Filter>
    </ClCompile>
    <ClCompile Include="..\include\imgui\imgui_widgets.cpp">
      <Filter>ImGUI</Filter>
    </ClCompile>
    <ClCompile Include="..\include\imgui\backends\imgui_impl_glfw.cpp">
      <Filter>ImGUI\backends</Filter>
    </ClCompile>
    <ClCompile Include="..\include\imgui\backends\imgui_impl_opengl3.cpp">
      <Filter>ImGUI\backends</Filter>
    </ClCompile>
    <ClCompile Include="..\src\Window\ControlWindow.cpp">
      <Filter>Window</Filter>
    </ClCompile>
    <ClCompile Include="..\src\Scene\MainScene.cpp">
      <Filter>Scene</Filter>
    </ClCompile>
    <ClCompile Include="Camera.cpp">
      <Filter>Camera</Filter>
    </ClCompile>
    <ClCompile Include="InputController.cpp">
      <Filter>Controller</Filter>
    </ClCompile>
    <ClCompile Include="Animator.cpp">
      <Filter>Animation</Filter>
    </ClCompile>
    <ClCompile Include="ParticleSystem.cpp">
      <Filter>Particle</Filter>
    </ClCompile>
    <ClCompile Include="Grass.cpp">
      <Filter>Object\Background</Filter>
    </ClCompile>
    <ClCompile Include="Skybox.cpp">
      <Filter>Object\Background</Filter>
    </ClCompile>
    <ClCompile Include="Terrian.cpp">
      <Filter>Object\Background</Filter>
    </ClCompile>
    <ClCompile Include="Mesh.cpp">
      <Filter>Object\Model</Filter>
    </ClCompile>
    <ClCompile Include="Model.cpp">
      <Filter>Object\Model</Filter>
    </ClCompile>
    <ClCompile Include="GLBaseObject.cpp">
      <Filter>Object\Shape</Filter>
    </ClCompile>
    <ClCompile Include="Shader.cpp">
      <Filter>Shader\Loader</Filter>
    </ClCompile>
    <ClCompile Include="ShaderManager.cpp">
      <Filter>Manager</Filter>
    </ClCompile>
  </ItemGroup>
  <ItemGroup>
    <Filter Include="App">
      <UniqueIdentifier>{14c3de85-933d-4426-88f1-3f11ba6e494c}</UniqueIdentifier>
    </Filter>
    <Filter Include="ImGUI">
      <UniqueIdentifier>{38940e0d-a62b-4d27-adc6-30fa85a47742}</UniqueIdentifier>
    </Filter>
    <Filter Include="ImGUI\backends">
      <UniqueIdentifier>{481e81f8-69ee-4b09-a57d-cde1e63407ee}</UniqueIdentifier>
    </Filter>
    <Filter Include="Window">
      <UniqueIdentifier>{187d3d12-3803-44fb-b99a-fb667b621b04}</UniqueIdentifier>
    </Filter>
    <Filter Include="Scene">
      <UniqueIdentifier>{e341a3e5-cdcc-4216-b5fc-da9c07bd2fab}</UniqueIdentifier>
    </Filter>
    <Filter Include="Camera">
      <UniqueIdentifier>{71b29479-2a3a-4f3c-96f7-b699188465c4}</UniqueIdentifier>
    </Filter>
    <Filter Include="Shader">
      <UniqueIdentifier>{e1161a24-dae8-4d3b-b20f-5dbba16a75d7}</UniqueIdentifier>
    </Filter>
    <Filter Include="Object">
      <UniqueIdentifier>{eded8a77-c1a8-4efa-be02-ede608b9919e}</UniqueIdentifier>
    </Filter>
    <Filter Include="Controller">
      <UniqueIdentifier>{3b7bbb53-67a5-48e1-b275-2e29ce8271ac}</UniqueIdentifier>
    </Filter>
    <Filter Include="Animation">
      <UniqueIdentifier>{77e9bbde-0c2a-4a65-abc6-33326a3dff92}</UniqueIdentifier>
    </Filter>
    <Filter Include="Shader\Particle">
      <UniqueIdentifier>{5eaeb59d-8e97-4135-b2ea-934b3fa691c0}</UniqueIdentifier>
    </Filter>
    <Filter Include="Particle">
      <UniqueIdentifier>{6e2dd3e0-f5d5-4a88-973c-1e15b8b45aed}</UniqueIdentifier>
    </Filter>
    <Filter Include="Shader\Model">
      <UniqueIdentifier>{1efd8d4d-8eb9-40ed-a4eb-efe396699996}</UniqueIdentifier>
    </Filter>
    <Filter Include="Shader\Background">
      <UniqueIdentifier>{7a7412c2-e28f-4fd4-ac23-6b99933dd1fc}</UniqueIdentifier>
    </Filter>
    <Filter Include="Object\Background">
      <UniqueIdentifier>{1a83e556-a2cd-4e61-a60c-d9aeb8174c68}</UniqueIdentifier>
    </Filter>
    <Filter Include="Object\Model">
      <UniqueIdentifier>{5843ebe6-3c41-4983-9026-60fc162ff192}</UniqueIdentifier>
    </Filter>
    <Filter Include="Object\Shape">
      <UniqueIdentifier>{09bdff54-f5b1-41f8-acbe-96b857f9926a}</UniqueIdentifier>
    </Filter>
    <Filter Include="Shader\Shape">
      <UniqueIdentifier>{6ad5c5bb-7c71-462d-903c-58059ff6a612}</UniqueIdentifier>
    </Filter>
    <Filter Include="Shader\Loader">
      <UniqueIdentifier>{71567cde-c514-4b3a-a7c3-2c889b8a46ff}</UniqueIdentifier>
    </Filter>
    <Filter Include="Manager">
      <UniqueIdentifier>{5d6b4d03-b9da-4530-84fa-54c74721e79a}</UniqueIdentifier>
    </Filter>
  </ItemGroup>
  <ItemGroup>
    <ClInclude Include="..\src\App\App.h">
      <Filter>App</Filter>
    </ClInclude>
    <ClInclude Include="..\include\imgui\imconfig.h">
      <Filter>ImGUI</Filter>
    </ClInclude>
    <ClInclude Include="..\include\imgui\imgui.h">
      <Filter>ImGUI</Filter>
    </ClInclude>
    <ClInclude Include="..\include\imgui\imgui_internal.h">
      <Filter>ImGUI</Filter>
    </ClInclude>
    <ClInclude Include="..\include\imgui\backends\imgui_impl_glfw.h">
      <Filter>ImGUI\backends</Filter>
    </ClInclude>
    <ClInclude Include="..\include\imgui\backends\imgui_impl_opengl3.h">
      <Filter>ImGUI\backends</Filter>
    </ClInclude>
    <ClInclude Include="..\include\imgui\backends\imgui_impl_opengl3_loader.h">
      <Filter>ImGUI\backends</Filter>
    </ClInclude>
    <ClInclude Include="..\src\Window\ControlWindow.h">
      <Filter>Window</Filter>
    </ClInclude>
    <ClInclude Include="..\src\Scene\MainScene.h">
      <Filter>Scene</Filter>
    </ClInclude>
    <ClInclude Include="Camera.h">
      <Filter>Camera</Filter>
    </ClInclude>
    <ClInclude Include="InputController.h">
      <Filter>Controller</Filter>
    </ClInclude>
    <ClInclude Include="Definition.h" />
    <ClInclude Include="Animator.h">
      <Filter>Animation</Filter>
    </ClInclude>
    <ClInclude Include="ParticleSystem.h">
      <Filter>Particle</Filter>
    </ClInclude>
    <ClInclude Include="Grass.h">
      <Filter>Object\Background</Filter>
    </ClInclude>
    <ClInclude Include="Skybox.h">
      <Filter>Object\Background</Filter>
    </ClInclude>
    <ClInclude Include="Terrian.h">
      <Filter>Object\Background</Filter>
    </ClInclude>
    <ClInclude Include="Mesh.h">
      <Filter>Object\Model</Filter>
    </ClInclude>
    <ClInclude Include="Model.h">
      <Filter>Object\Model</Filter>
    </ClInclude>
    <ClInclude Include="GLBaseObject.h">
      <Filter>Object\Shape</Filter>
    </ClInclude>
    <ClInclude Include="Shader.h">
      <Filter>Shader\Loader</Filter>
    </ClInclude>
    <ClInclude Include="ShaderManager.h">
      <Filter>Manager</Filter>
    </ClInclude>
  </ItemGroup>
  <ItemGroup>
    <None Include="..\res\res\shaders\particle.gs.glsl">
      <Filter>Shader\Particle</Filter>
    </None>
    <None Include="..\res\res\shaders\particle.vs.glsl">
      <Filter>Shader\Particle</Filter>
    </None>
    <None Include="..\res\res\shaders\particle.fs.glsl">
      <Filter>Shader\Particle</Filter>
    </None>
    <None Include="..\res\res\shaders\cubemap.fs.glsl">
      <Filter>Shader\Background</Filter>
    </None>
    <None Include="..\res\res\shaders\cubemap.vs.glsl">
      <Filter>Shader\Background</Filter>
    </None>
    <None Include="..\res\res\shaders\grass.fs.glsl">
      <Filter>Shader\Background</Filter>
    </None>
    <None Include="..\res\res\shaders\grass.vs.glsl">
      <Filter>Shader\Background</Filter>
    </None>
    <None Include="..\res\res\shaders\terrian.fs.glsl">
      <Filter>Shader\Background</Filter>
    </None>
    <None Include="..\res\res\shaders\terrian.vs.glsl">
      <Filter>Shader\Background</Filter>
    </None>
    <None Include="..\res\res\shaders\model_loading.fs.glsl">
      <Filter>Shader\Model</Filter>
    </None>
    <None Include="..\res\res\shaders\model_loading.vs.glsl">
      <Filter>Shader\Model</Filter>
    </None>
    <None Include="..\res\res\shaders\model_loading_mosaic.fs.glsl">
      <Filter>Shader\Model</Filter>
    </None>
    <None Include="..\res\res\shaders\model_loading_mosaic.vs.glsl">
      <Filter>Shader\Model</Filter>
    </None>
    <None Include="..\res\res\shaders\model_loading_toon.fs.glsl">
      <Filter>Shader\Model</Filter>
    </None>
    <None Include="..\res\res\shaders\shader.vs.glsl">
      <Filter>Shader\Shape</Filter>
    </None>
    <None Include="..\res\res\shaders\shader.fs.glsl">
      <Filter>Shader\Shape</Filter>
    </None>
  </ItemGroup>
</Project>